
Microsoft Visual Studio Solution File, Format Version 12.00
# Visual Studio 14
VisualStudioVersion = 14.0.23107.0
MinimumVisualStudioVersion = 10.0.40219.1
Project("{F088123C-0E9E-452A-89E6-6BA2F21D5CAC}") = "ProxyModel", "ModelingProxy\ProxyModel.modelproj", "{67B60785-0F90-4E91-91C1-A47785127D3F}"
EndProject
Project("{FAE04EC0-301F-11D3-BF4B-00C04F79EFBC}") = "Proxy", "Proxy\Proxy.csproj", "{9A8071FE-0CED-4C36-B0DC-B63139837EEB}"
EndProject
Project("{FAE04EC0-301F-11D3-BF4B-00C04F79EFBC}") = "ConsoleApp", "ConsoleApp\ConsoleApp.csproj", "{5340A0B8-878C-46F8-943C-81241D07B1AB}"
EndProject
Global
	GlobalSection(SolutionConfigurationPlatforms) = preSolution
		Debug|Any CPU = Debug|Any CPU
		Release|Any CPU = Release|Any CPU
	EndGlobalSection
	GlobalSection(ProjectConfigurationPlatforms) = postSolution
		{67B60785-0F90-4E91-91C1-A47785127D3F}.Debug|Any CPU.ActiveCfg = Debug|Any CPU
		{67B60785-0F90-4E91-91C1-A47785127D3F}.Debug|Any CPU.Build.0 = Debug|Any CPU
		{67B60785-0F90-4E91-91C1-A47785127D3F}.Release|Any CPU.ActiveCfg = Release|Any CPU
		{67B60785-0F90-4E91-91C1-A47785127D3F}.Release|Any CPU.Build.0 = Release|Any CPU
		{9A8071FE-0CED-4C36-B0DC-B63139837EEB}.Debug|Any CPU.ActiveCfg = Debug|Any CPU
		{9A8071FE-0CED-4C36-B0DC-B63139837EEB}.Debug|Any CPU.Build.0 = Debug|Any CPU
		{9A8071FE-0CED-4C36-B0DC-B63139837EEB}.Release|Any CPU.ActiveCfg = Release|Any CPU
		{9A8071FE-0CED-4C36-B0DC-B63139837EEB}.Release|Any CPU.Build.0 = Release|Any CPU
		{5340A0B8-878C-46F8-943C-81241D07B1AB}.Debug|Any CPU.ActiveCfg = Debug|Any CPU
		{5340A0B8-878C-46F8-943C-81241D07B1AB}.Debug|Any CPU.Build.0 = Debug|Any CPU
		{5340A0B8-878C-46F8-943C-81241D07B1AB}.Release|Any CPU.ActiveCfg = Release|Any CPU
		{5340A0B8-878C-46F8-943C-81241D07B1AB}.Release|Any CPU.Build.0 = Release|Any CPU
	EndGlobalSection
	GlobalSection(SolutionProperties) = preSolution
		HideSolutionNode = FALSE
	EndGlobalSection
EndGlobal
